{
  "requires": true,
  "lockfileVersion": 1,
  "dependencies": {
    "jui": {
      "version": "2.0.3",
      "resolved": "https://registry.npmjs.org/jui/-/jui-2.0.3.tgz",
      "integrity": "sha1-CA7FBTd75min2uxXdkDEnh0w4FE="
    },
    "jui-core": {
      "version": "2.0.4",
      "resolved": "https://registry.npmjs.org/jui-core/-/jui-core-2.0.4.tgz",
      "integrity": "sha1-wWLt+U8uM3rQLcwo9zcJZRFjX9s="
    },
    "jui-grid": {
      "version": "2.0.2",
      "resolved": "https://registry.npmjs.org/jui-grid/-/jui-grid-2.0.2.tgz",
      "integrity": "sha1-sLoaoXe0x16PdL9FRBr1tJjmx88="
    }
  }
}
